#MicroXplorer Configuration settings - do not modify
Dma.USART1_TX.2.Direction=DMA_MEMORY_TO_PERIPH
PC7.GPIOParameters=GPIO_Label
SPI1.VirtualType=VM_MASTER
PB10.GPIO_PuPd=GPIO_PULLUP
PC12.Locked=true
SH.GPXTI9.0=GPIO_EXTI9
SH.GPXTI14.0=GPIO_EXTI14
RCC.PLLCLKFreq_Value=64000000
PC12.Signal=GPIO_Output
PC6.GPIO_Label=TFT_BLK
PC3.Locked=true
PA3.GPIOParameters=GPIO_Label
PA6.GPIO_Label=SC_PSTOP
PB6.GPIO_Label=ENC_B
PD2.GPIOParameters=GPIO_Label
USART1.IPParameters=VirtualMode
PA2.GPIOParameters=GPIO_Label
PC15-OSC32_OUT.GPIO_Label=ENC_KEY
PinOutPanel.RotationAngle=-180
TIM3.Channel-PWM\ Generation4\ CH4=TIM_CHANNEL_4
RCC.SYSCLKSource=RCC_SYSCLKSOURCE_PLLCLK
SH.GPXTI13.0=GPIO_EXTI13
PB11.GPIO_Speed=GPIO_SPEED_FREQ_HIGH
NVIC.SVCall_IRQn=true\:0\:0\:false\:false\:false\:false\:false\:false
RCC.SDIOHCLKDiv2FreqValue=32000000
SH.S_TIM3_CH2.ConfNb=1
SPI1.Direction=SPI_DIRECTION_1LINE
TIM2.IPParameters=Prescaler,Period,AutoReloadPreload,Channel-PWM Generation1 CH1,Pulse-PWM Generation1 CH1
RCC.APB2TimFreq_Value=64000000
PB6.Signal=S_TIM4_CH1
Dma.ADC1.0.Direction=DMA_PERIPH_TO_MEMORY
PC7.Signal=S_TIM3_CH2
SPI1.CalculateBaudRate=16.0 MBits/s
PC3.Signal=ADCx_IN13
VP_TIM2_VS_ClockSourceINT.Signal=TIM2_VS_ClockSourceINT
Dma.ADC1.0.MemDataAlignment=DMA_MDATAALIGN_HALFWORD
NVIC.EXTI15_10_IRQn=true\:5\:0\:false\:false\:true\:true\:true\:true
ProjectManager.ProjectBuild=false
Dma.USART1_RX.1.PeriphDataAlignment=DMA_PDATAALIGN_BYTE
NVIC.UsageFault_IRQn=true\:0\:0\:false\:false\:true\:false\:false\:false
PB2.Signal=GPIO_Output
PB3.Mode=Simplex_Bidirectional_Master
PA8.Locked=true
PA4.Locked=true
ProjectManager.FirmwarePackage=STM32Cube FW_F1 V1.8.3
MxDb.Version=DB.6.0.10
PB0.GPIOParameters=GPIO_Label
PA1.GPIOParameters=GPIO_Label
ProjectManager.BackupPrevious=true
PC4.GPIO_Label=MOS_OUT
SH.ADCx_IN1.ConfNb=1
PB1.GPIO_Label=BAT1
Dma.ADC1.0.PeriphInc=DMA_PINC_DISABLE
SH.ADCx_IN8.0=ADC1_IN8,IN8
SH.S_TIM4_CH2.0=TIM4_CH2,Encoder_Interface
PA8.Signal=GPIO_Output
NVIC.PendSV_IRQn=true\:15\:0\:false\:false\:false\:true\:false\:false
TIM4.Period=65535
Dma.USART1_TX.2.MemDataAlignment=DMA_MDATAALIGN_BYTE
VP_FREERTOS_VS_CMSIS_V1.Mode=CMSIS_V1
ProjectManager.HalAssertFull=false
Dma.USART1_RX.1.Mode=DMA_NORMAL
RCC.PLLMCOFreq_Value=32000000
PC8.GPIOParameters=GPIO_Label
Mcu.Package=LQFP64
PB9.Signal=GPXTI9
TIM2.Prescaler=220
PB1.Signal=ADCx_IN9
PA5.Locked=true
NVIC.TimeBase=TIM1_UP_IRQn
RCC.I2S2Freq_Value=64000000
SH.GPXTI8.0=GPIO_EXTI8
SH.COMP_DAC1_group.ConfNb=1
PC13-TAMPER-RTC.GPIO_PuPd=GPIO_PULLUP
PA14.Locked=true
SH.GPXTI8.ConfNb=1
NVIC.TimeBaseIP=TIM1
PA10.Signal=USART1_RX
PB9.GPIO_PuPd=GPIO_PULLUP
FREERTOS.FootprintOK=true
PA5.GPIOParameters=GPIO_Label
SH.ADCx_IN9.0=ADC1_IN9,IN9
Dma.USART1_RX.1.PeriphInc=DMA_PINC_DISABLE
SH.GPXTI14.ConfNb=1
SH.S_TIM4_CH1.0=TIM4_CH1,Encoder_Interface
RCC.APB1TimFreq_Value=64000000
NVIC.BusFault_IRQn=true\:0\:0\:false\:false\:true\:false\:false\:false
SH.ADCx_IN9.ConfNb=1
PB10.GPIOParameters=GPIO_Speed,GPIO_PuPd,GPIO_Label
NVIC.DMA1_Channel4_IRQn=true\:5\:0\:false\:false\:true\:true\:false\:true
PC15-OSC32_OUT.GPIOParameters=GPIO_Label
NVIC.USART1_IRQn=true\:5\:0\:false\:false\:true\:true\:true\:true
PA4.GPIO_Label=DAC_V
ProjectManager.CustomerFirmwarePackage=
PC4.GPIOParameters=GPIO_Label
PA6.GPIOParameters=GPIO_Label
PB7.GPIO_PuPd=GPIO_PULLUP
SH.COMP_DAC2_group.ConfNb=1
SH.S_TIM4_CH1.ConfNb=1
Dma.USART1_RX.1.Instance=DMA1_Channel5
ProjectManager.ProjectFileName=F1_PowerSupply.ioc
Dma.ADC1.0.Instance=DMA1_Channel1
Dma.USART1_RX.1.MemDataAlignment=DMA_MDATAALIGN_BYTE
FREERTOS.Tasks01=defaultTask,0,128,StartDefaultTask,Default,NULL,Dynamic,NULL,NULL;myTask02,-2,128,StartTask02,Default,NULL,Dynamic,NULL,NULL
TIM5.IPParameters=Channel-Output Compare4 CH4
TIM4.CounterMode=TIM_COUNTERMODE_UP
PA15.GPIOParameters=GPIO_Label
Mcu.PinsNb=46
Dma.USART1_TX.2.MemInc=DMA_MINC_ENABLE
TIM3.AutoReloadPreload=TIM_AUTORELOAD_PRELOAD_ENABLE
ADC1.IPParameters=Rank-1\#ChannelRegularConversion,Channel-1\#ChannelRegularConversion,SamplingTime-1\#ChannelRegularConversion,NbrOfConversionFlag,master
FREERTOS.INCLUDE_vTaskDelayUntil=1
PB6.GPIO_PuPd=GPIO_PULLUP
PB8.GPIO_PuPd=GPIO_PULLUP
PC6.Signal=S_TIM3_CH1
PC2.Signal=GPIO_Output
PB11.GPIO_Label=SDA
RCC.USBPrescaler=RCC_USBCLKSOURCE_PLL_DIV1_5
Dma.USART1_TX.2.RequestParameters=Instance,Direction,PeriphInc,MemInc,PeriphDataAlignment,MemDataAlignment,Mode,Priority
TIM4.IC2Filter=15
PC0.Signal=ADCx_IN10
RCC.APB1CLKDivider=RCC_HCLK_DIV2
PC14-OSC32_IN.Signal=GPXTI14
SH.S_TIM2_CH1_ETR.ConfNb=1
RCC.I2S3Freq_Value=64000000
PA0-WKUP.GPIO_Label=BD2_TEMP
PA0-WKUP.Signal=ADCx_IN0
PC3.GPIOParameters=GPIO_Label
VP_TIM6_VS_ClockSourceINT.Signal=TIM6_VS_ClockSourceINT
TIM3.Channel-PWM\ Generation3\ CH3=TIM_CHANNEL_3
PB8.GPIO_Label=KEY4
PA15.Locked=true
PA8.GPIO_Label=RELAY_EN
PC15-OSC32_OUT.Locked=true
TIM4.IPParameters=Prescaler,Period,EncoderMode,IC1Filter,IC2Filter,CounterMode,IC1Polarity,IC2Polarity
SH.ADCx_IN7.0=ADC1_IN7,IN7
PC6.Locked=true
Dma.ADC1.0.Priority=DMA_PRIORITY_LOW
PA9.Signal=USART1_TX
PB11.GPIOParameters=GPIO_Speed,GPIO_PuPd,GPIO_Label
PB9.Locked=true
PC13-TAMPER-RTC.Locked=true
PB10.Signal=GPIO_Output
PA5.Signal=COMP_DAC2_group
Mcu.Pin40=PB9
Mcu.Pin41=VP_FREERTOS_VS_CMSIS_V1
Mcu.Pin44=VP_TIM3_VS_ClockSourceINT
Mcu.Pin45=VP_TIM6_VS_ClockSourceINT
Mcu.Pin42=VP_SYS_VS_tim1
Mcu.Pin43=VP_TIM2_VS_ClockSourceINT
ProjectManager.LastFirmware=true
PC13-TAMPER-RTC.GPIO_Label=KEY2
PC14-OSC32_IN.GPIO_ModeDefaultEXTI=GPIO_MODE_IT_FALLING
Mcu.Pin37=PB6
Mcu.Pin38=PB7
Mcu.Pin35=PB3
PB15.GPIO_Label=CS
Mcu.Pin36=PB5
VP_SYS_VS_tim1.Signal=SYS_VS_tim1
SPI1.Mode=SPI_MODE_MASTER
SH.ADCx_IN0.ConfNb=1
Mcu.Pin39=PB8
PC2.GPIOParameters=GPIO_Label
Mcu.Pin30=PA13
PA1.GPIO_Label=BD1_TEMP
Mcu.Pin33=PC12
TIM3.IPParameters=Channel-PWM Generation2 CH2,Channel-PWM Generation3 CH3,Channel-PWM Generation4 CH4,Channel-PWM Generation1 CH1,Prescaler,Period,AutoReloadPreload,OCPolarity_1,OCPolarity_2,OCPolarity_3,OCPolarity_4
Mcu.Pin34=PD2
Mcu.Pin31=PA14
Mcu.Pin32=PA15
NVIC.NonMaskableInt_IRQn=true\:0\:0\:false\:false\:true\:false\:false\:false
SH.S_TIM5_CH4.ConfNb=1
TIM2.Period=100
PA13.Mode=Serial_Wire
ProjectManager.FreePins=false
PC9.GPIOParameters=GPIO_Label
Mcu.Pin26=PC9
Mcu.Pin27=PA8
Mcu.Pin24=PC7
ProjectManager.UnderRoot=false
Mcu.Pin25=PC8
Mcu.Pin28=PA9
PC7.GPIO_Label=R
Mcu.Pin29=PA10
ADC1.SamplingTime-1\#ChannelRegularConversion=ADC_SAMPLETIME_1CYCLE_5
PA4.Signal=COMP_DAC1_group
Mcu.Pin22=PB15
PB5.Signal=SPI1_MOSI
Mcu.Pin23=PC6
RCC.TimSysFreq_Value=64000000
Mcu.Pin20=PB10
ADC1.master=1
PA3.Locked=true
Mcu.Pin21=PB11
PA5.GPIO_Label=DAC_I
NVIC.ForceEnableDMAVector=true
NVIC.MemoryManagement_IRQn=true\:0\:0\:false\:false\:true\:false\:false\:false
PC12.GPIO_Label=TFT_DC
USART1.VirtualMode=VM_ASYNC
ProjectManager.CompilerOptimize=6
ADC1.Rank-1\#ChannelRegularConversion=1
SH.S_TIM2_CH1_ETR.0=TIM2_CH1,PWM Generation1 CH1
ProjectManager.HeapSize=0x200
Mcu.Pin15=PC4
NVIC.HardFault_IRQn=true\:0\:0\:false\:false\:true\:false\:false\:false
Mcu.Pin16=PC5
Mcu.Pin13=PA6
Mcu.Pin14=PA7
Mcu.Pin19=PB2
SH.GPXTI15.ConfNb=1
SH.S_TIM3_CH1.ConfNb=1
ProjectManager.ComputerToolchain=false
Mcu.Pin17=PB0
Mcu.Pin18=PB1
NVIC.PriorityGroup=NVIC_PRIORITYGROUP_4
Mcu.Pin11=PA4
TIM3.Channel-PWM\ Generation2\ CH2=TIM_CHANNEL_2
Mcu.Pin12=PA5
Dma.USART1_TX.2.Instance=DMA1_Channel4
Mcu.Pin10=PA3
TIM2.AutoReloadPreload=TIM_AUTORELOAD_PRELOAD_DISABLE
PC3.GPIO_Label=BAT_TEMP
PC14-OSC32_IN.GPIO_PuPd=GPIO_PULLUP
Dma.USART1_RX.1.Direction=DMA_PERIPH_TO_MEMORY
NVIC.DMA1_Channel1_IRQn=true\:5\:0\:false\:false\:true\:true\:false\:true
PD2.Signal=GPIO_Output
PB0.Signal=ADCx_IN8
PA7.GPIOParameters=GPIO_Label
PC0.Locked=true
PC1.Signal=GPIO_Input
PD2.GPIO_Label=TFT_RES
Mcu.Family=STM32F1
ProjectManager.MainLocation=Src
RCC.MCOFreq_Value=64000000
SH.S_TIM4_CH2.ConfNb=1
NVIC.DMA1_Channel5_IRQn=true\:5\:0\:false\:false\:true\:true\:false\:true
TIM5.Channel-Output\ Compare4\ CH4=TIM_CHANNEL_4
ProjectManager.KeepUserCode=true
PB10.GPIO_Speed=GPIO_SPEED_FREQ_HIGH
Mcu.UserName=STM32F103RETx
SH.ADCx_IN2.0=ADC3_IN2
SH.ADCx_IN2.1=ADC1_IN2,IN2
PC13-TAMPER-RTC.GPIOParameters=GPIO_PuPd,GPIO_Label,GPIO_ModeDefaultEXTI
TIM4.EncoderMode=TIM_ENCODERMODE_TI12
PC5.Locked=true
ProjectManager.functionlistsort=1-MX_GPIO_Init-GPIO-false-HAL-true,2-MX_DMA_Init-DMA-false-HAL-true,3-SystemClock_Config-RCC-false-HAL-false,4-MX_DAC_Init-DAC-false-HAL-true,5-MX_SPI1_Init-SPI1-false-HAL-true,6-MX_TIM2_Init-TIM2-false-HAL-true,7-MX_TIM3_Init-TIM3-false-HAL-true,8-MX_TIM4_Init-TIM4-false-HAL-true,9-MX_TIM5_Init-TIM5-false-HAL-true,10-MX_TIM6_Init-TIM6-false-HAL-true,11-MX_ADC1_Init-ADC1-false-HAL-true,12-MX_USART1_UART_Init-USART1-false-HAL-true
PC0.GPIOParameters=GPIO_Label
PC0.GPIO_Label=OUT_DEC
PC9.Locked=true
RCC.ADCFreqValue=8000000
PB0.GPIO_Label=BAT2
NVIC.TIM1_UP_IRQn=true\:0\:0\:false\:false\:true\:false\:false\:true
PD2.Locked=true
PB11.GPIO_PuPd=GPIO_PULLUP
PC1.Locked=true
PB11.Signal=GPIO_Output
PB15.Signal=GPIO_Output
ProjectManager.StackSize=0x400
SH.COMP_DAC2_group.0=DAC_OUT2,DAC_OUT2
Mcu.IP4=NVIC
Mcu.IP5=RCC
RCC.FCLKCortexFreq_Value=64000000
Mcu.IP2=DMA
Mcu.IP3=FREERTOS
PA15.GPIO_Label=BEEP
Mcu.IP0=ADC1
Mcu.IP1=DAC
PB8.GPIO_ModeDefaultEXTI=GPIO_MODE_IT_FALLING
Mcu.UserConstants=
PC1.GPIOParameters=GPIO_Label
SH.GPXTI13.ConfNb=1
Mcu.ThirdPartyNb=0
RCC.SDIOFreq_Value=64000000
RCC.HCLKFreq_Value=64000000
Mcu.IPNb=14
ProjectManager.PreviousToolchain=
TIM3.Period=100
SH.ADCx_IN7.ConfNb=1
PA8.GPIOParameters=GPIO_Label
Mcu.Pin6=PC3
PB9.GPIO_ModeDefaultEXTI=GPIO_MODE_IT_FALLING
Mcu.Pin7=PA0-WKUP
Mcu.Pin8=PA1
Mcu.Pin9=PA2
Dma.USART1_RX.1.MemInc=DMA_MINC_ENABLE
FREERTOS.IPParameters=Tasks01,FootprintOK,INCLUDE_vTaskDelayUntil
RCC.AHBFreq_Value=64000000
Mcu.Pin0=PC13-TAMPER-RTC
Mcu.Pin1=PC14-OSC32_IN
TIM3.Channel-PWM\ Generation1\ CH1=TIM_CHANNEL_1
GPIO.groupedBy=Group By Peripherals
Mcu.Pin2=PC15-OSC32_OUT
Mcu.Pin3=PC0
PA0-WKUP.GPIOParameters=GPIO_Label
Mcu.Pin4=PC1
Mcu.Pin5=PC2
NVIC.DebugMonitor_IRQn=true\:0\:0\:false\:false\:true\:false\:false\:false
Mcu.IP10=TIM4
NVIC.SysTick_IRQn=true\:15\:0\:false\:false\:false\:true\:false\:true
Mcu.IP12=TIM6
RCC.PLLMUL=RCC_PLL_MUL16
Mcu.IP11=TIM5
Mcu.IP13=USART1
PA14.Mode=Serial_Wire
VP_SYS_VS_tim1.Mode=TIM1
TIM3.Prescaler=71
PB5.Mode=Simplex_Bidirectional_Master
File.Version=6
SH.ADCx_IN13.ConfNb=1
Dma.USART1_TX.2.PeriphDataAlignment=DMA_PDATAALIGN_BYTE
PB7.Signal=S_TIM4_CH2
PB8.Locked=true
SH.ADCx_IN0.0=ADC1_IN0,IN0
TIM2.Channel-PWM\ Generation1\ CH1=TIM_CHANNEL_1
SH.S_TIM3_CH1.0=TIM3_CH1,PWM Generation1 CH1
TIM6.Period=10
Dma.RequestsNb=3
PB6.GPIOParameters=GPIO_PuPd,GPIO_Label
PB0.Locked=true
TIM3.OCPolarity_4=TIM_OCPOLARITY_LOW
PC14-OSC32_IN.GPIOParameters=GPIO_PuPd,GPIO_Label,GPIO_ModeDefaultEXTI
ProjectManager.ProjectName=F1_PowerSupply
TIM3.OCPolarity_1=TIM_OCPOLARITY_HIGH
TIM3.OCPolarity_2=TIM_OCPOLARITY_LOW
TIM3.OCPolarity_3=TIM_OCPOLARITY_LOW
PB7.GPIO_Label=ENC_A
PA6.Signal=GPIO_Output
PA7.Locked=true
TIM4.IC1Polarity=TIM_ICPOLARITY_FALLING
ProjectManager.ToolChainLocation=
PA2.GPIO_Label=VIN_DEC
PA15.Signal=S_TIM2_CH1_ETR
TIM4.IC1Filter=15
SH.ADCx_IN1.0=ADC1_IN1,IN1
Dma.Request2=USART1_TX
Dma.Request1=USART1_RX
PC4.Locked=true
PC14-OSC32_IN.GPIO_Label=KEY3
PC5.Signal=GPIO_Output
Dma.USART1_RX.1.Priority=DMA_PRIORITY_LOW
Dma.Request0=ADC1
SPI1.BaudRatePrescaler=SPI_BAUDRATEPRESCALER_4
PC2.GPIO_Label=LTC_EN
VP_TIM3_VS_ClockSourceINT.Mode=Internal
PC14-OSC32_IN.Locked=true
PB15.Locked=true
PA3.Signal=S_TIM5_CH4
PA2.Locked=true
RCC.PLLSourceVirtual=RCC_PLLSOURCE_HSI_DIV2
SH.COMP_DAC1_group.0=DAC_OUT1,DAC_OUT1
SH.ADCx_IN13.0=ADC1_IN13,IN13
PB8.GPIOParameters=GPIO_PuPd,GPIO_Label,GPIO_ModeDefaultEXTI
PB9.GPIO_Label=KEY1
PA10.Mode=Asynchronous
PC9.GPIO_Label=B
ProjectManager.NoMain=false
SPI1.IPParameters=VirtualType,Mode,Direction,CalculateBaudRate,BaudRatePrescaler
NVIC.SavedSvcallIrqHandlerGenerated=false
PC8.Signal=S_TIM3_CH3
TIM6.Prescaler=3600-1
PC4.Signal=GPIO_Output
VP_TIM6_VS_ClockSourceINT.Mode=Enable_Timer
PC13-TAMPER-RTC.Signal=GPXTI13
ProjectManager.DefaultFWLocation=true
ProjectManager.DeletePrevious=true
PB10.Locked=true
SH.S_TIM3_CH3.0=TIM3_CH3,PWM Generation3 CH3
RCC.FamilyName=M
TIM2.Pulse-PWM\ Generation1\ CH1=50
PA0-WKUP.Locked=true
NVIC.TIM6_IRQn=true\:5\:0\:false\:false\:true\:true\:true\:true
PB9.GPIOParameters=GPIO_PuPd,GPIO_Label,GPIO_ModeDefaultEXTI
RCC.ADCPresc=RCC_ADCPCLK2_DIV8
PC8.GPIO_Label=G
PC12.GPIOParameters=GPIO_Label
PA13.Signal=SYS_JTMS-SWDIO
TIM6.AutoReloadPreload=TIM_AUTORELOAD_PRELOAD_ENABLE
VP_FREERTOS_VS_CMSIS_V1.Signal=FREERTOS_VS_CMSIS_V1
Dma.ADC1.0.PeriphDataAlignment=DMA_PDATAALIGN_HALFWORD
PA9.Mode=Asynchronous
TIM6.IPParameters=Prescaler,Period,AutoReloadPreload
ProjectManager.TargetToolchain=MDK-ARM V5.27
Dma.USART1_RX.1.RequestParameters=Instance,Direction,PeriphInc,MemInc,PeriphDataAlignment,MemDataAlignment,Mode,Priority
PB10.GPIO_Label=SCL
SH.S_TIM3_CH3.ConfNb=1
Dma.ADC1.0.Mode=DMA_CIRCULAR
PB7.GPIOParameters=GPIO_PuPd,GPIO_Label
PC5.GPIOParameters=GPIO_Label
PB2.GPIOParameters=GPIO_Label
ADC1.Channel-1\#ChannelRegularConversion=ADC_CHANNEL_13
PC2.Locked=true
ProjectManager.RegisterCallBack=
RCC.USBFreq_Value=42666666.666666664
VP_TIM3_VS_ClockSourceINT.Signal=TIM3_VS_ClockSourceINT
TIM4.Prescaler=3
PC15-OSC32_OUT.Signal=GPXTI15
PA1.Signal=ADCx_IN1
PB1.Locked=true
TIM4.IC2Polarity=TIM_ICPOLARITY_FALLING
SH.S_TIM3_CH2.0=TIM3_CH2,PWM Generation2 CH2
board=custom
PC13-TAMPER-RTC.GPIO_ModeDefaultEXTI=GPIO_MODE_IT_FALLING
RCC.VCOOutput2Freq_Value=4000000
Dma.ADC1.0.RequestParameters=Instance,Direction,PeriphInc,MemInc,PeriphDataAlignment,MemDataAlignment,Mode,Priority
NVIC.SavedSystickIrqHandlerGenerated=true
RCC.APB2Freq_Value=64000000
MxCube.Version=6.1.2
VP_TIM2_VS_ClockSourceINT.Mode=Internal
SH.ADCx_IN2.ConfNb=2
SH.ADCx_IN10.ConfNb=1
Dma.USART1_TX.2.Priority=DMA_PRIORITY_LOW
PC1.GPIO_Label=PGOOD
SH.S_TIM5_CH4.0=TIM5_CH4,Output Compare4 CH4
PA4.GPIOParameters=GPIO_Label
SH.ADCx_IN8.ConfNb=1
PB15.GPIOParameters=GPIO_Label
RCC.IPParameters=ADCFreqValue,ADCPresc,AHBFreq_Value,APB1CLKDivider,APB1Freq_Value,APB1TimFreq_Value,APB2Freq_Value,APB2TimFreq_Value,FCLKCortexFreq_Value,FamilyName,HCLKFreq_Value,I2S2Freq_Value,I2S3Freq_Value,MCOFreq_Value,PLLCLKFreq_Value,PLLMCOFreq_Value,PLLMUL,PLLSourceVirtual,SDIOFreq_Value,SDIOHCLKDiv2FreqValue,SYSCLKFreq_VALUE,SYSCLKSource,TimSysFreq_Value,USBFreq_Value,USBPrescaler,VCOOutput2Freq_Value
ProjectManager.AskForMigrate=false
Mcu.Name=STM32F103R(C-D-E)Tx
NVIC.SavedPendsvIrqHandlerGenerated=false
PA2.Signal=ADCx_IN2
PB2.Locked=true
Dma.USART1_TX.2.PeriphInc=DMA_PINC_DISABLE
Mcu.IP8=TIM2
Mcu.IP9=TIM3
Mcu.IP6=SPI1
Mcu.IP7=SYS
ProjectManager.CoupleFile=true
PB3.Signal=SPI1_SCK
RCC.SYSCLKFreq_VALUE=64000000
PA7.GPIO_Label=BAT3
PA1.Locked=true
KeepUserPlacement=false
PC5.GPIO_Label=MOS_IN
PA13.Locked=true
SH.GPXTI9.ConfNb=1
NVIC.EXTI9_5_IRQn=true\:5\:0\:false\:false\:true\:true\:true\:true
PA14.Signal=SYS_JTCK-SWCLK
Dma.ADC1.0.MemInc=DMA_MINC_ENABLE
SH.ADCx_IN10.0=ADC1_IN10,IN10
PB2.GPIO_Label=MOS_BAT
PC6.GPIOParameters=GPIO_Label
Dma.USART1_TX.2.Mode=DMA_NORMAL
SH.S_TIM3_CH4.ConfNb=1
ADC1.NbrOfConversionFlag=1
SH.GPXTI15.0=GPIO_EXTI15
PB8.Signal=GPXTI8
PC9.Signal=S_TIM3_CH4
RCC.APB1Freq_Value=32000000
PB11.Locked=true
ProjectManager.DeviceId=STM32F103RETx
ProjectManager.LibraryCopy=0
PA3.GPIO_Label=FAN
SH.S_TIM3_CH4.0=TIM3_CH4,PWM Generation4 CH4
PB1.GPIOParameters=GPIO_Label
PA7.Signal=ADCx_IN7
PA6.Locked=true
